
Microsoft Visual Studio Solution File, Format Version 12.00
# Visual Studio Version 17
VisualStudioVersion = 17.4.33213.308
MinimumVisualStudioVersion = 10.0.40219.1
Project("{FAE04EC0-301F-11D3-BF4B-00C04F79EFBC}") = "Calculadora.Android", "Calculadora.Android\Calculadora.Android.csproj", "{73EDA0A9-63DC-44B0-BE5B-C8A7A27EF19D}"
EndProject
Project("{FAE04EC0-301F-11D3-BF4B-00C04F79EFBC}") = "Calculadora", "Calculadora\Calculadora.csproj", "{98E1E540-ED29-4452-9FA9-666C9860852A}"
EndProject
Global
	GlobalSection(SolutionConfigurationPlatforms) = preSolution
		Debug|Any CPU = Debug|Any CPU
		Release|Any CPU = Release|Any CPU
	EndGlobalSection
	GlobalSection(ProjectConfigurationPlatforms) = postSolution
		{73EDA0A9-63DC-44B0-BE5B-C8A7A27EF19D}.Debug|Any CPU.ActiveCfg = Debug|Any CPU
		{73EDA0A9-63DC-44B0-BE5B-C8A7A27EF19D}.Debug|Any CPU.Build.0 = Debug|Any CPU
		{73EDA0A9-63DC-44B0-BE5B-C8A7A27EF19D}.Debug|Any CPU.Deploy.0 = Debug|Any CPU
		{73EDA0A9-63DC-44B0-BE5B-C8A7A27EF19D}.Release|Any CPU.ActiveCfg = Release|Any CPU
		{73EDA0A9-63DC-44B0-BE5B-C8A7A27EF19D}.Release|Any CPU.Build.0 = Release|Any CPU
		{73EDA0A9-63DC-44B0-BE5B-C8A7A27EF19D}.Release|Any CPU.Deploy.0 = Release|Any CPU
		{98E1E540-ED29-4452-9FA9-666C9860852A}.Debug|Any CPU.ActiveCfg = Debug|Any CPU
		{98E1E540-ED29-4452-9FA9-666C9860852A}.Debug|Any CPU.Build.0 = Debug|Any CPU
		{98E1E540-ED29-4452-9FA9-666C9860852A}.Debug|Any CPU.Deploy.0 = Debug|Any CPU
		{98E1E540-ED29-4452-9FA9-666C9860852A}.Release|Any CPU.ActiveCfg = Release|Any CPU
		{98E1E540-ED29-4452-9FA9-666C9860852A}.Release|Any CPU.Build.0 = Release|Any CPU
		{98E1E540-ED29-4452-9FA9-666C9860852A}.Release|Any CPU.Deploy.0 = Release|Any CPU
	EndGlobalSection
	GlobalSection(SolutionProperties) = preSolution
		HideSolutionNode = FALSE
	EndGlobalSection
	GlobalSection(ExtensibilityGlobals) = postSolution
		SolutionGuid = {5967C4A0-875D-45A7-BA72-D0867596D9EF}
	EndGlobalSection
EndGlobal
